{
  "lockfile_version": "1",
  "packages": {
    "colima@0.8.1": {
      "last_modified": "2025-02-27T15:48:43Z",
      "resolved": "github:NixOS/nixpkgs/6c5c5f5100281f8f4ff23f13edd17d645178c87c#colima",
      "source": "devbox-search",
      "version": "0.8.1",
      "systems": {
        "aarch64-darwin": {
          "outputs": [
            {
              "name": "out",
              "path": "/nix/store/ivlnc4zhss54wyjaim8zbk4z268c2crq-colima-0.8.1",
              "default": true
            }
          ],
          "store_path": "/nix/store/ivlnc4zhss54wyjaim8zbk4z268c2crq-colima-0.8.1"
        },
        "aarch64-linux": {
          "outputs": [
            {
              "name": "out",
              "path": "/nix/store/lkablvpv813mjl9wrjw7nqw9gr8w0fr6-colima-0.8.1",
              "default": true
            }
          ],
          "store_path": "/nix/store/lkablvpv813mjl9wrjw7nqw9gr8w0fr6-colima-0.8.1"
        },
        "x86_64-darwin": {
          "outputs": [
            {
              "name": "out",
              "path": "/nix/store/nkfnsdnwwqbr2cbq4sklv3s8qd95kv5d-colima-0.8.1",
              "default": true
            }
          ],
          "store_path": "/nix/store/nkfnsdnwwqbr2cbq4sklv3s8qd95kv5d-colima-0.8.1"
        },
        "x86_64-linux": {
          "outputs": [
            {
              "name": "out",
              "path": "/nix/store/52nb1wq9mwlz3hh8f1xmdjkn2z5c9z6j-colima-0.8.1",
              "default": true
            }
          ],
          "store_path": "/nix/store/52nb1wq9mwlz3hh8f1xmdjkn2z5c9z6j-colima-0.8.1"
        }
      }
    },
    "docker@27.5.0": {
      "last_modified": "2025-01-22T06:06:04Z",
      "resolved": "github:NixOS/nixpkgs/5757bbb8bd7c0630a0cc4bb19c47e588db30b97c#docker",
      "source": "devbox-search",
      "version": "27.5.0",
      "systems": {
        "aarch64-darwin": {
          "outputs": [
            {
              "name": "out",
              "path": "/nix/store/bav9fyspzl9i9fx6nykb7jqdmr5qwvfz-docker-27.5.0",
              "default": true
            }
          ],
          "store_path": "/nix/store/bav9fyspzl9i9fx6nykb7jqdmr5qwvfz-docker-27.5.0"
        },
        "aarch64-linux": {
          "outputs": [
            {
              "name": "out",
              "path": "/nix/store/v3avgyz1ybih0ai2rhhp8gchxvb4q3yz-docker-27.5.0",
              "default": true
            }
          ],
          "store_path": "/nix/store/v3avgyz1ybih0ai2rhhp8gchxvb4q3yz-docker-27.5.0"
        },
        "x86_64-darwin": {
          "outputs": [
            {
              "name": "out",
              "path": "/nix/store/n966jsfz86wpgddnlc9xniix9zv1vha9-docker-27.5.0",
              "default": true
            }
          ],
          "store_path": "/nix/store/n966jsfz86wpgddnlc9xniix9zv1vha9-docker-27.5.0"
        },
        "x86_64-linux": {
          "outputs": [
            {
              "name": "out",
              "path": "/nix/store/s9g8d3q5l89mp1nqypn1fy7w6amiha88-docker-27.5.0",
              "default": true
            }
          ],
          "store_path": "/nix/store/s9g8d3q5l89mp1nqypn1fy7w6amiha88-docker-27.5.0"
        }
      }
    },
    "git@latest": {
      "last_modified": "2025-02-23T09:42:26Z",
      "resolved": "github:NixOS/nixpkgs/2d068ae5c6516b2d04562de50a58c682540de9bf#git",
      "source": "devbox-search",
      "version": "2.48.1",
      "systems": {
        "aarch64-darwin": {
          "outputs": [
            {
              "name": "out",
              "path": "/nix/store/48bd3kx9xl36ixnzax9chik2y2l7lx9m-git-2.48.1",
              "default": true
            },
            {
              "name": "doc",
              "path": "/nix/store/7clrn7z9dxxl1n9hy2vy5nrk58mrb258-git-2.48.1-doc"
            }
          ],
          "store_path": "/nix/store/48bd3kx9xl36ixnzax9chik2y2l7lx9m-git-2.48.1"
        },
        "aarch64-linux": {
          "outputs": [
            {
              "name": "out",
              "path": "/nix/store/4rfdh67qx08marb8kwl8pk98pkwl8kiv-git-2.48.1",
              "default": true
            },
            {
              "name": "debug",
              "path": "/nix/store/yf283fv2zlaaaszdcfazbz1rg6d6f18q-git-2.48.1-debug"
            },
            {
              "name": "doc",
              "path": "/nix/store/c9hzqmbywb0basggdaylpc0j3r8j0dxs-git-2.48.1-doc"
            }
          ],
          "store_path": "/nix/store/4rfdh67qx08marb8kwl8pk98pkwl8kiv-git-2.48.1"
        },
        "x86_64-darwin": {
          "outputs": [
            {
              "name": "out",
              "path": "/nix/store/siawz69ch5kb1k1vaak8gbm6w5zmkbz6-git-2.48.1",
              "default": true
            },
            {
              "name": "doc",
              "path": "/nix/store/50346pq535sxngx9r0q1rf1bh0v01pyv-git-2.48.1-doc"
            }
          ],
          "store_path": "/nix/store/siawz69ch5kb1k1vaak8gbm6w5zmkbz6-git-2.48.1"
        },
        "x86_64-linux": {
          "outputs": [
            {
              "name": "out",
              "path": "/nix/store/nj1na0qwqhpd128vr71p70hz9jyhnz5x-git-2.48.1",
              "default": true
            },
            {
              "name": "doc",
              "path": "/nix/store/2g2q2z1rkc9lgy1ib2a5cgl9mrzhqbla-git-2.48.1-doc"
            },
            {
              "name": "debug",
              "path": "/nix/store/7gz9ywl4jw0clbbghaii5xgdivxsdgk3-git-2.48.1-debug"
            }
          ],
          "store_path": "/nix/store/nj1na0qwqhpd128vr71p70hz9jyhnz5x-git-2.48.1"
        }
      }
    },
    "github:NixOS/nixpkgs/nixpkgs-unstable": {
      "resolved": "github:NixOS/nixpkgs/95eacfb6d1accf8d59a9e570d26d04ad693d2ec3?lastModified=1741006840&narHash=sha256-%2FPLl%2FbBq%2BfdNR0mLFeIdEgh0O4URobH0R9%2BInbpdGhU%3D"
    },
    "go@1.23.4": {
      "last_modified": "2025-01-19T08:16:51Z",
      "resolved": "github:NixOS/nixpkgs/50165c4f7eb48ce82bd063e1fb8047a0f515f8ce#go",
      "source": "devbox-search",
      "version": "1.23.4",
      "systems": {
        "aarch64-darwin": {
          "outputs": [
            {
              "name": "out",
              "path": "/nix/store/lg7l1czmd5hqwwhjszprdz342q98zmkw-go-1.23.4",
              "default": true
            }
          ],
          "store_path": "/nix/store/lg7l1czmd5hqwwhjszprdz342q98zmkw-go-1.23.4"
        },
        "aarch64-linux": {
          "outputs": [
            {
              "name": "out",
              "path": "/nix/store/2x7k6yj9z37s3d3x5j3kkz6bcak8k9qr-go-1.23.4",
              "default": true
            }
          ],
          "store_path": "/nix/store/2x7k6yj9z37s3d3x5j3kkz6bcak8k9qr-go-1.23.4"
        },
        "x86_64-darwin": {
          "outputs": [
            {
              "name": "out",
              "path": "/nix/store/8x0ag0v37rfy9z58a8yy3hakj3dzdr9c-go-1.23.4",
              "default": true
            }
          ],
          "store_path": "/nix/store/8x0ag0v37rfy9z58a8yy3hakj3dzdr9c-go-1.23.4"
        },
        "x86_64-linux": {
          "outputs": [
            {
              "name": "out",
              "path": "/nix/store/0b6vsy4fa4i4qpk1011hi6251nwdg5y8-go-1.23.4",
              "default": true
            }
          ],
          "store_path": "/nix/store/0b6vsy4fa4i4qpk1011hi6251nwdg5y8-go-1.23.4"
        }
      }
    },
    "kind@latest": {
      "last_modified": "2025-02-17T23:19:04Z",
      "resolved": "github:NixOS/nixpkgs/f0295845e58ada369322524631821b01c0db13a7#kind",
      "source": "devbox-search",
      "version": "0.27.0",
      "systems": {
        "aarch64-darwin": {
          "outputs": [
            {
              "name": "out",
              "path": "/nix/store/fmh9mwr6mv8lpks10csrl97gm3rh0jh2-kind-0.27.0",
              "default": true
            }
          ],
          "store_path": "/nix/store/fmh9mwr6mv8lpks10csrl97gm3rh0jh2-kind-0.27.0"
        },
        "aarch64-linux": {
          "outputs": [
            {
              "name": "out",
              "path": "/nix/store/i1jrn83fzdm2xr9wcn79jygisq3qaakw-kind-0.27.0",
              "default": true
            }
          ],
          "store_path": "/nix/store/i1jrn83fzdm2xr9wcn79jygisq3qaakw-kind-0.27.0"
        },
        "x86_64-darwin": {
          "outputs": [
            {
              "name": "out",
              "path": "/nix/store/qi782468mbssz4nvb13p258as6dc1ymp-kind-0.27.0",
              "default": true
            }
          ],
          "store_path": "/nix/store/qi782468mbssz4nvb13p258as6dc1ymp-kind-0.27.0"
        },
        "x86_64-linux": {
          "outputs": [
            {
              "name": "out",
              "path": "/nix/store/9vbbi6g46px48k0kq1gpz069a9aw4fmz-kind-0.27.0",
              "default": true
            }
          ],
          "store_path": "/nix/store/9vbbi6g46px48k0kq1gpz069a9aw4fmz-kind-0.27.0"
        }
      }
    },
    "kubectl@latest": {
      "last_modified": "2025-02-16T00:50:12Z",
      "resolved": "github:NixOS/nixpkgs/1dcdd535fef84d4671129a10e7072d56dca9a4d3#kubectl",
      "source": "devbox-search",
      "version": "1.32.2",
      "systems": {
        "aarch64-darwin": {
          "outputs": [
            {
              "name": "out",
              "path": "/nix/store/fdg47848h1jm48dvq34vzjx7pxipipyj-kubectl-1.32.2",
              "default": true
            },
            {
              "name": "man",
              "path": "/nix/store/nwpq48a67gn7xvma4k76wa3dl5qpc9jw-kubectl-1.32.2-man",
              "default": true
            },
            {
              "name": "convert",
              "path": "/nix/store/2l56gryy2lc3bxd1k28d606r23872vj1-kubectl-1.32.2-convert"
            }
          ],
          "store_path": "/nix/store/fdg47848h1jm48dvq34vzjx7pxipipyj-kubectl-1.32.2"
        },
        "aarch64-linux": {
          "outputs": [
            {
              "name": "out",
              "path": "/nix/store/ln7cfszvc6gjjrarbv0ipf1h8yzgkl46-kubectl-1.32.2",
              "default": true
            },
            {
              "name": "man",
              "path": "/nix/store/m79ivh1p7158mycrxiqslsdwqz0a2y15-kubectl-1.32.2-man",
              "default": true
            },
            {
              "name": "convert",
              "path": "/nix/store/x9c450w9l5l9hdb4sqvysi6wlsg522x7-kubectl-1.32.2-convert"
            }
          ],
          "store_path": "/nix/store/ln7cfszvc6gjjrarbv0ipf1h8yzgkl46-kubectl-1.32.2"
        },
        "x86_64-darwin": {
          "outputs": [
            {
              "name": "out",
              "path": "/nix/store/b2js0qn4da3bl7xi06q5prx27gd5fch8-kubectl-1.32.2",
              "default": true
            },
            {
              "name": "man",
              "path": "/nix/store/97yz99gy3hg69b6jjaqi01126ld5hgpl-kubectl-1.32.2-man",
              "default": true
            },
            {
              "name": "convert",
              "path": "/nix/store/1cr7phxn688by6bgzrpr5x6pv29dzknp-kubectl-1.32.2-convert"
            }
          ],
          "store_path": "/nix/store/b2js0qn4da3bl7xi06q5prx27gd5fch8-kubectl-1.32.2"
        },
        "x86_64-linux": {
          "outputs": [
            {
              "name": "out",
              "path": "/nix/store/d4hd150ffhnayv270mpacjkv57agyxyd-kubectl-1.32.2",
              "default": true
            },
            {
              "name": "man",
              "path": "/nix/store/37p1rr7vy6kmfhih65p6lvwc1cx64z6x-kubectl-1.32.2-man",
              "default": true
            },
            {
              "name": "convert",
              "path": "/nix/store/9ydig9bf3sgbsgxi06jw1128cdrpvfm1-kubectl-1.32.2-convert"
            }
          ],
          "store_path": "/nix/store/d4hd150ffhnayv270mpacjkv57agyxyd-kubectl-1.32.2"
        }
      }
    }
  }
}
